
Microsoft Visual Studio Solution File, Format Version 12.00
# Visual Studio Version 16
VisualStudioVersion = 16.0.33927.289
MinimumVisualStudioVersion = 10.0.40219.1
Project("{2150E333-8FDC-42A3-9474-1A3956D46DE8}") = "Task0", "Task0", "{30FE86EE-66A0-4DC7-9E89-335B144780B2}"
EndProject
Project("{FAE04EC0-301F-11D3-BF4B-00C04F79EFBC}") = "Tyuiu.SalminKN.Sprint1.Task0.V0", "Tyuiu.SalminKN.Sprint1.Task0.V0\Tyuiu.SalminKN.Sprint1.Task0.V0.csproj", "{82CF8E9A-64A8-42E7-A9E3-F5A8E862BEC2}"
EndProject
Project("{FAE04EC0-301F-11D3-BF4B-00C04F79EFBC}") = "Tyuiu.SalminKN.Sprint1.Task0.V0.Test", "Tyuiu.SalminKN.Sprint1.Task0.V0.Test\Tyuiu.SalminKN.Sprint1.Task0.V0.Test.csproj", "{9D798399-93C1-40AC-B7D8-C32A464E0422}"
EndProject
Project("{FAE04EC0-301F-11D3-BF4B-00C04F79EFBC}") = "Tyuiu.SalminKN.Sprint1.Task0.V0.Lib", "Tyuiu.SalminKN.Sprint1.Task0.V0.Lib\Tyuiu.SalminKN.Sprint1.Task0.V0.Lib.csproj", "{B24EBEE1-7F00-4145-ABDA-D94B36C204DC}"
EndProject
Project("{2150E333-8FDC-42A3-9474-1A3956D46DE8}") = "Task0.V13", "Task0.V13", "{1B63BA60-BA1A-4853-97C1-151FDE8DBD89}"
EndProject
Project("{FAE04EC0-301F-11D3-BF4B-00C04F79EFBC}") = "Tyuiu.SalminKN.Sprint1.Task0.V13", "Tyuiu.SalminKN.Sprint1.Task0.V13\Tyuiu.SalminKN.Sprint1.Task0.V13.csproj", "{AF111C46-57BB-4091-B105-AB2E32EEC83C}"
EndProject
Project("{FAE04EC0-301F-11D3-BF4B-00C04F79EFBC}") = "Tyuiu.SalminKN.Sprint1.Task0.V13.Lib", "Tyuiu.SalminKN.Sprint1.Task0.V13.Lib\Tyuiu.SalminKN.Sprint1.Task0.V13.Lib.csproj", "{C9B68494-E088-42A6-A590-3826268DAB77}"
EndProject
Project("{FAE04EC0-301F-11D3-BF4B-00C04F79EFBC}") = "Tyuiu.SalminKN.Sprint1.Task0.V13.Test", "Tyuiu.SalminKN.Sprint1.Task0.V13.Test\Tyuiu.SalminKN.Sprint1.Task0.V13.Test.csproj", "{C1DADDCB-A693-4E99-91F8-4A657E32185F}"
EndProject
Project("{2150E333-8FDC-42A3-9474-1A3956D46DE8}") = "Task1", "Task1", "{90E726D3-B903-4305-91D8-DDE74AF374DB}"
EndProject
Project("{FAE04EC0-301F-11D3-BF4B-00C04F79EFBC}") = "Tyuiu.SalminKN.Sprint1.Task1.V0", "Tyuiu.SalminKN.Sprint1.Task1.V0\Tyuiu.SalminKN.Sprint1.Task1.V0.csproj", "{DE7E2F40-5D74-457B-8BA0-AE59D0D910DF}"
EndProject
Project("{FAE04EC0-301F-11D3-BF4B-00C04F79EFBC}") = "Tyuiu.SalminKN.Sprint1.Task1.V0.Lib", "Tyuiu.SalminKN.Sprint1.Task1.V0.Lib\Tyuiu.SalminKN.Sprint1.Task1.V0.Lib.csproj", "{CB888212-F279-43A4-9F58-1C75B9BB2243}"
EndProject
Project("{FAE04EC0-301F-11D3-BF4B-00C04F79EFBC}") = "Tyuiu.SalminKN.Sprint1.Task1.V0.Test", "Tyuiu.SalminKN.Sprint1.Task1.V0.Test\Tyuiu.SalminKN.Sprint1.Task1.V0.Test.csproj", "{6EA5D455-FF0E-4016-9A46-FBE5D0C9329A}"
EndProject
Project("{2150E333-8FDC-42A3-9474-1A3956D46DE8}") = "Task1.V16", "Task1.V16", "{5206488F-37A6-4152-BA2D-1B081B68C3A6}"
EndProject
Project("{FAE04EC0-301F-11D3-BF4B-00C04F79EFBC}") = "Tyuiu.SalminKN.Sprint1.Task1.V16", "Tyuiu.SalminKN.Sprint1.Task1.V16\Tyuiu.SalminKN.Sprint1.Task1.V16.csproj", "{E528F1A1-0B4C-4FC2-A767-2960CC73A583}"
EndProject
Project("{FAE04EC0-301F-11D3-BF4B-00C04F79EFBC}") = "Tyuiu.SalminKN.Sprint1.Task1.V16.Test", "Tyuiu.SalminKN.Sprint1.Task1.V16.Test\Tyuiu.SalminKN.Sprint1.Task1.V16.Test.csproj", "{C5890D23-F861-4FFE-AFB0-2154ACEF1CAA}"
EndProject
Project("{FAE04EC0-301F-11D3-BF4B-00C04F79EFBC}") = "Tyuiu.SalminKN.Sprint1.Task1.V16.Lib", "Tyuiu.SalminKN.Sprint1.Task1.V16.Lib\Tyuiu.SalminKN.Sprint1.Task1.V16.Lib.csproj", "{19F21955-E36E-4357-A383-A0910E1FDF4D}"
EndProject
Project("{2150E333-8FDC-42A3-9474-1A3956D46DE8}") = "Task2", "Task2", "{C69B736A-A4C9-4B88-AB02-AF593A0D5085}"
EndProject
Project("{FAE04EC0-301F-11D3-BF4B-00C04F79EFBC}") = "Tyuiu.SalminKN.Sprint1.Task2.V0", "Tyuiu.SalminKN.Sprint1.Task2.V0\Tyuiu.SalminKN.Sprint1.Task2.V0.csproj", "{25FB11F3-A4EB-492C-A6FB-4944B821F403}"
EndProject
Project("{FAE04EC0-301F-11D3-BF4B-00C04F79EFBC}") = "Tyuiu.SalminKN.Sprint1.Task2.V0.Lib", "Tyuiu.SalminKN.Sprint1.Task2.V0.Lib\Tyuiu.SalminKN.Sprint1.Task2.V0.Lib.csproj", "{61A9B4B5-96D3-4340-9F39-BBEA90EF02E2}"
EndProject
Project("{FAE04EC0-301F-11D3-BF4B-00C04F79EFBC}") = "Tyuiu.SalminKN.Sprint1.Task2.V0.Test", "Tyuiu.SalminKN.Sprint1.Task2.V0.Test\Tyuiu.SalminKN.Sprint1.Task2.V0.Test.csproj", "{07243963-89F5-4F4E-AD1D-5002A3F9D50D}"
EndProject
Project("{2150E333-8FDC-42A3-9474-1A3956D46DE8}") = "Task2.V6", "Task2.V6", "{022620DB-76FD-4D7C-87E9-8625D9391DD1}"
EndProject
Project("{FAE04EC0-301F-11D3-BF4B-00C04F79EFBC}") = "Tyuiu.SalminKN.Sprint1.Task2.V6", "Tyuiu.SalminKN.Sprint1.Task2.V6\Tyuiu.SalminKN.Sprint1.Task2.V6.csproj", "{38DA5BFA-D250-4E9D-BFE1-B5E23808F903}"
EndProject
Project("{FAE04EC0-301F-11D3-BF4B-00C04F79EFBC}") = "Tyuiu.SalminKN.Sprint1.Task2.V6.Lib", "Tyuiu.SalminKN.Sprint1.Task2.V6.Lib\Tyuiu.SalminKN.Sprint1.Task2.V6.Lib.csproj", "{6BDA2C1C-F266-4821-A505-98AA6C575FFB}"
EndProject
Project("{FAE04EC0-301F-11D3-BF4B-00C04F79EFBC}") = "Tyuiu.SalminKN.Sprint1.Task2.V6.Test", "Tyuiu.SalminKN.Sprint1.Task2.V6.Test\Tyuiu.SalminKN.Sprint1.Task2.V6.Test.csproj", "{E19898D1-E232-4D8C-9121-D8DC84BB1DBC}"
EndProject
Project("{2150E333-8FDC-42A3-9474-1A3956D46DE8}") = "Task3", "Task3", "{A595C9A9-B400-46ED-BC1C-52933C143F39}"
EndProject
Project("{FAE04EC0-301F-11D3-BF4B-00C04F79EFBC}") = "Tyuiu.SalminKN.Sprint1.Task3.V0", "Tyuiu.SalminKN.Sprint1.Task3.V0\Tyuiu.SalminKN.Sprint1.Task3.V0.csproj", "{7D1B2050-F631-46F1-BBB1-8E22A1E876E5}"
EndProject
Project("{FAE04EC0-301F-11D3-BF4B-00C04F79EFBC}") = "Tyuiu.SalminKN.Sprint1.Task3.V0.Lib", "Tyuiu.SalminKN.Sprint1.Task3.V0.Lib\Tyuiu.SalminKN.Sprint1.Task3.V0.Lib.csproj", "{B4870F36-FE9D-44CF-8672-6EFEF8B73D19}"
EndProject
Project("{FAE04EC0-301F-11D3-BF4B-00C04F79EFBC}") = "Tyuiu.SalminKN.Sprint1.Task3.V0.Test", "Tyuiu.SalminKN.Sprint1.Task3.V0.Test\Tyuiu.SalminKN.Sprint1.Task3.V0.Test.csproj", "{787D4688-3441-4A58-AA6A-E9B8AEB64A36}"
EndProject
Project("{2150E333-8FDC-42A3-9474-1A3956D46DE8}") = "Task3.V6", "Task3.V6", "{C3EBBEDE-475A-499E-96DA-A0D4EFC1DD57}"
EndProject
Project("{FAE04EC0-301F-11D3-BF4B-00C04F79EFBC}") = "Tyuiu.SalminKN.Sprint1.Task3.V6", "Tyuiu.SalminKN.Sprint1.Task3.V6\Tyuiu.SalminKN.Sprint1.Task3.V6.csproj", "{86D22A5D-1EC9-4AC2-A87B-B9F81E789610}"
EndProject
Project("{FAE04EC0-301F-11D3-BF4B-00C04F79EFBC}") = "Tyuiu.SalminKN.Sprint1.Task3.V6.Lib", "Tyuiu.SalminKN.Sprint1.Task3.V6.Lib\Tyuiu.SalminKN.Sprint1.Task3.V6.Lib.csproj", "{F459B285-6B48-4B47-9C1A-1378EE7143BD}"
EndProject
Project("{FAE04EC0-301F-11D3-BF4B-00C04F79EFBC}") = "Tyuiu.SalminKN.Sprint1.Task3.V6.Test", "Tyuiu.SalminKN.Sprint1.Task3.V6.Test\Tyuiu.SalminKN.Sprint1.Task3.V6.Test.csproj", "{0D52C4F5-CCD9-4B8B-A428-EAF7BA601AE2}"
EndProject
Project("{2150E333-8FDC-42A3-9474-1A3956D46DE8}") = "Task4", "Task4", "{EACFEF5D-3FBD-448D-A36C-1F9E9D199AE1}"
EndProject
Project("{FAE04EC0-301F-11D3-BF4B-00C04F79EFBC}") = "Tyuiu.SalminKN.Sprint1.Task4.V0", "Tyuiu.SalminKN.Sprint1.Task4.V0\Tyuiu.SalminKN.Sprint1.Task4.V0.csproj", "{84586343-C10F-4FD6-950C-12680A581292}"
EndProject
Project("{FAE04EC0-301F-11D3-BF4B-00C04F79EFBC}") = "Tyuiu.SalminKN.Sprint1.Task4.V0.Lib", "Tyuiu.SalminKN.Sprint1.Task4.V0.Lib\Tyuiu.SalminKN.Sprint1.Task4.V0.Lib.csproj", "{DFDF8F07-164A-4297-8E98-9220BA39617D}"
EndProject
Project("{FAE04EC0-301F-11D3-BF4B-00C04F79EFBC}") = "Tyuiu.SalminKN.Sprint1.Task4.V0.Test", "Tyuiu.SalminKN.Sprint1.Task4.V0.Test\Tyuiu.SalminKN.Sprint1.Task4.V0.Test.csproj", "{ACD9483F-25BE-4052-B641-AD3C261294E8}"
EndProject
Project("{2150E333-8FDC-42A3-9474-1A3956D46DE8}") = "Task4.V6", "Task4.V6", "{0E5DB62D-D839-476B-8658-68C1ED65A21B}"
EndProject
Project("{FAE04EC0-301F-11D3-BF4B-00C04F79EFBC}") = "Tyuiu.SalminKN.Sprint1.Task4.V6", "Tyuiu.SalminKN.Sprint1.Task4.V6\Tyuiu.SalminKN.Sprint1.Task4.V6.csproj", "{1588D6ED-6B4E-4FD5-8F90-F5AB2DEB7368}"
EndProject
Project("{FAE04EC0-301F-11D3-BF4B-00C04F79EFBC}") = "Tyuiu.SalminKN.Sprint1.Task4.V6.Lib", "Tyuiu.SalminKN.Sprint1.Task4.V6.Lib\Tyuiu.SalminKN.Sprint1.Task4.V6.Lib.csproj", "{AD413AA9-C921-4A1E-BE9F-AF2A5B4EFD3F}"
EndProject
Project("{FAE04EC0-301F-11D3-BF4B-00C04F79EFBC}") = "Tyuiu.SalminKN.Sprint1.Task4.V6.Test", "Tyuiu.SalminKN.Sprint1.Task4.V6.Test\Tyuiu.SalminKN.Sprint1.Task4.V6.Test.csproj", "{45F1730B-C52F-493E-A684-7EDCA6E140BA}"
EndProject
Project("{2150E333-8FDC-42A3-9474-1A3956D46DE8}") = "Task5", "Task5", "{D7D36A4F-C2E1-48D3-BE5C-1552A17B58F9}"
EndProject
Project("{FAE04EC0-301F-11D3-BF4B-00C04F79EFBC}") = "Tyuiu.SalminKN.Sprint1.Task5.V0", "Tyuiu.SalminKN.Sprint1.Task5.V0\Tyuiu.SalminKN.Sprint1.Task5.V0.csproj", "{7A70AAB2-775F-4EA7-9701-1E700EB9A304}"
EndProject
Project("{FAE04EC0-301F-11D3-BF4B-00C04F79EFBC}") = "Tyuiu.SalminKN.Sprint1.Task5.V0.Lib", "Tyuiu.SalminKN.Sprint1.Task5.V0.Lib\Tyuiu.SalminKN.Sprint1.Task5.V0.Lib.csproj", "{1130D5B5-5FBB-4ADC-AE69-371679E8C1FF}"
EndProject
Project("{FAE04EC0-301F-11D3-BF4B-00C04F79EFBC}") = "Tyuiu.SalminKN.Sprint1.Task5.V0.Test", "Tyuiu.SalminKN.Sprint1.Task5.V0.Test\Tyuiu.SalminKN.Sprint1.Task5.V0.Test.csproj", "{CCFFA674-6FFA-49F6-80A5-0CB1351C7493}"
EndProject
Global
	GlobalSection(SolutionConfigurationPlatforms) = preSolution
		Debug|Any CPU = Debug|Any CPU
		Release|Any CPU = Release|Any CPU
	EndGlobalSection
	GlobalSection(ProjectConfigurationPlatforms) = postSolution
		{82CF8E9A-64A8-42E7-A9E3-F5A8E862BEC2}.Debug|Any CPU.ActiveCfg = Debug|Any CPU
		{82CF8E9A-64A8-42E7-A9E3-F5A8E862BEC2}.Debug|Any CPU.Build.0 = Debug|Any CPU
		{82CF8E9A-64A8-42E7-A9E3-F5A8E862BEC2}.Release|Any CPU.ActiveCfg = Release|Any CPU
		{82CF8E9A-64A8-42E7-A9E3-F5A8E862BEC2}.Release|Any CPU.Build.0 = Release|Any CPU
		{9D798399-93C1-40AC-B7D8-C32A464E0422}.Debug|Any CPU.ActiveCfg = Debug|Any CPU
		{9D798399-93C1-40AC-B7D8-C32A464E0422}.Debug|Any CPU.Build.0 = Debug|Any CPU
		{9D798399-93C1-40AC-B7D8-C32A464E0422}.Release|Any CPU.ActiveCfg = Release|Any CPU
		{9D798399-93C1-40AC-B7D8-C32A464E0422}.Release|Any CPU.Build.0 = Release|Any CPU
		{B24EBEE1-7F00-4145-ABDA-D94B36C204DC}.Debug|Any CPU.ActiveCfg = Debug|Any CPU
		{B24EBEE1-7F00-4145-ABDA-D94B36C204DC}.Debug|Any CPU.Build.0 = Debug|Any CPU
		{B24EBEE1-7F00-4145-ABDA-D94B36C204DC}.Release|Any CPU.ActiveCfg = Release|Any CPU
		{B24EBEE1-7F00-4145-ABDA-D94B36C204DC}.Release|Any CPU.Build.0 = Release|Any CPU
		{AF111C46-57BB-4091-B105-AB2E32EEC83C}.Debug|Any CPU.ActiveCfg = Debug|Any CPU
		{AF111C46-57BB-4091-B105-AB2E32EEC83C}.Debug|Any CPU.Build.0 = Debug|Any CPU
		{AF111C46-57BB-4091-B105-AB2E32EEC83C}.Release|Any CPU.ActiveCfg = Release|Any CPU
		{AF111C46-57BB-4091-B105-AB2E32EEC83C}.Release|Any CPU.Build.0 = Release|Any CPU
		{C9B68494-E088-42A6-A590-3826268DAB77}.Debug|Any CPU.ActiveCfg = Debug|Any CPU
		{C9B68494-E088-42A6-A590-3826268DAB77}.Debug|Any CPU.Build.0 = Debug|Any CPU
		{C9B68494-E088-42A6-A590-3826268DAB77}.Release|Any CPU.ActiveCfg = Release|Any CPU
		{C9B68494-E088-42A6-A590-3826268DAB77}.Release|Any CPU.Build.0 = Release|Any CPU
		{C1DADDCB-A693-4E99-91F8-4A657E32185F}.Debug|Any CPU.ActiveCfg = Debug|Any CPU
		{C1DADDCB-A693-4E99-91F8-4A657E32185F}.Debug|Any CPU.Build.0 = Debug|Any CPU
		{C1DADDCB-A693-4E99-91F8-4A657E32185F}.Release|Any CPU.ActiveCfg = Release|Any CPU
		{C1DADDCB-A693-4E99-91F8-4A657E32185F}.Release|Any CPU.Build.0 = Release|Any CPU
		{DE7E2F40-5D74-457B-8BA0-AE59D0D910DF}.Debug|Any CPU.ActiveCfg = Debug|Any CPU
		{DE7E2F40-5D74-457B-8BA0-AE59D0D910DF}.Debug|Any CPU.Build.0 = Debug|Any CPU
		{DE7E2F40-5D74-457B-8BA0-AE59D0D910DF}.Release|Any CPU.ActiveCfg = Release|Any CPU
		{DE7E2F40-5D74-457B-8BA0-AE59D0D910DF}.Release|Any CPU.Build.0 = Release|Any CPU
		{CB888212-F279-43A4-9F58-1C75B9BB2243}.Debug|Any CPU.ActiveCfg = Debug|Any CPU
		{CB888212-F279-43A4-9F58-1C75B9BB2243}.Debug|Any CPU.Build.0 = Debug|Any CPU
		{CB888212-F279-43A4-9F58-1C75B9BB2243}.Release|Any CPU.ActiveCfg = Release|Any CPU
		{CB888212-F279-43A4-9F58-1C75B9BB2243}.Release|Any CPU.Build.0 = Release|Any CPU
		{6EA5D455-FF0E-4016-9A46-FBE5D0C9329A}.Debug|Any CPU.ActiveCfg = Debug|Any CPU
		{6EA5D455-FF0E-4016-9A46-FBE5D0C9329A}.Debug|Any CPU.Build.0 = Debug|Any CPU
		{6EA5D455-FF0E-4016-9A46-FBE5D0C9329A}.Release|Any CPU.ActiveCfg = Release|Any CPU
		{6EA5D455-FF0E-4016-9A46-FBE5D0C9329A}.Release|Any CPU.Build.0 = Release|Any CPU
		{E528F1A1-0B4C-4FC2-A767-2960CC73A583}.Debug|Any CPU.ActiveCfg = Debug|Any CPU
		{E528F1A1-0B4C-4FC2-A767-2960CC73A583}.Debug|Any CPU.Build.0 = Debug|Any CPU
		{E528F1A1-0B4C-4FC2-A767-2960CC73A583}.Release|Any CPU.ActiveCfg = Release|Any CPU
		{E528F1A1-0B4C-4FC2-A767-2960CC73A583}.Release|Any CPU.Build.0 = Release|Any CPU
		{C5890D23-F861-4FFE-AFB0-2154ACEF1CAA}.Debug|Any CPU.ActiveCfg = Debug|Any CPU
		{C5890D23-F861-4FFE-AFB0-2154ACEF1CAA}.Debug|Any CPU.Build.0 = Debug|Any CPU
		{C5890D23-F861-4FFE-AFB0-2154ACEF1CAA}.Release|Any CPU.ActiveCfg = Release|Any CPU
		{C5890D23-F861-4FFE-AFB0-2154ACEF1CAA}.Release|Any CPU.Build.0 = Release|Any CPU
		{19F21955-E36E-4357-A383-A0910E1FDF4D}.Debug|Any CPU.ActiveCfg = Debug|Any CPU
		{19F21955-E36E-4357-A383-A0910E1FDF4D}.Debug|Any CPU.Build.0 = Debug|Any CPU
		{19F21955-E36E-4357-A383-A0910E1FDF4D}.Release|Any CPU.ActiveCfg = Release|Any CPU
		{19F21955-E36E-4357-A383-A0910E1FDF4D}.Release|Any CPU.Build.0 = Release|Any CPU
		{25FB11F3-A4EB-492C-A6FB-4944B821F403}.Debug|Any CPU.ActiveCfg = Debug|Any CPU
		{25FB11F3-A4EB-492C-A6FB-4944B821F403}.Debug|Any CPU.Build.0 = Debug|Any CPU
		{25FB11F3-A4EB-492C-A6FB-4944B821F403}.Release|Any CPU.ActiveCfg = Release|Any CPU
		{25FB11F3-A4EB-492C-A6FB-4944B821F403}.Release|Any CPU.Build.0 = Release|Any CPU
		{61A9B4B5-96D3-4340-9F39-BBEA90EF02E2}.Debug|Any CPU.ActiveCfg = Debug|Any CPU
		{61A9B4B5-96D3-4340-9F39-BBEA90EF02E2}.Debug|Any CPU.Build.0 = Debug|Any CPU
		{61A9B4B5-96D3-4340-9F39-BBEA90EF02E2}.Release|Any CPU.ActiveCfg = Release|Any CPU
		{61A9B4B5-96D3-4340-9F39-BBEA90EF02E2}.Release|Any CPU.Build.0 = Release|Any CPU
		{07243963-89F5-4F4E-AD1D-5002A3F9D50D}.Debug|Any CPU.ActiveCfg = Debug|Any CPU
		{07243963-89F5-4F4E-AD1D-5002A3F9D50D}.Debug|Any CPU.Build.0 = Debug|Any CPU
		{07243963-89F5-4F4E-AD1D-5002A3F9D50D}.Release|Any CPU.ActiveCfg = Release|Any CPU
		{07243963-89F5-4F4E-AD1D-5002A3F9D50D}.Release|Any CPU.Build.0 = Release|Any CPU
		{38DA5BFA-D250-4E9D-BFE1-B5E23808F903}.Debug|Any CPU.ActiveCfg = Debug|Any CPU
		{38DA5BFA-D250-4E9D-BFE1-B5E23808F903}.Debug|Any CPU.Build.0 = Debug|Any CPU
		{38DA5BFA-D250-4E9D-BFE1-B5E23808F903}.Release|Any CPU.ActiveCfg = Release|Any CPU
		{38DA5BFA-D250-4E9D-BFE1-B5E23808F903}.Release|Any CPU.Build.0 = Release|Any CPU
		{6BDA2C1C-F266-4821-A505-98AA6C575FFB}.Debug|Any CPU.ActiveCfg = Debug|Any CPU
		{6BDA2C1C-F266-4821-A505-98AA6C575FFB}.Debug|Any CPU.Build.0 = Debug|Any CPU
		{6BDA2C1C-F266-4821-A505-98AA6C575FFB}.Release|Any CPU.ActiveCfg = Release|Any CPU
		{6BDA2C1C-F266-4821-A505-98AA6C575FFB}.Release|Any CPU.Build.0 = Release|Any CPU
		{E19898D1-E232-4D8C-9121-D8DC84BB1DBC}.Debug|Any CPU.ActiveCfg = Debug|Any CPU
		{E19898D1-E232-4D8C-9121-D8DC84BB1DBC}.Debug|Any CPU.Build.0 = Debug|Any CPU
		{E19898D1-E232-4D8C-9121-D8DC84BB1DBC}.Release|Any CPU.ActiveCfg = Release|Any CPU
		{E19898D1-E232-4D8C-9121-D8DC84BB1DBC}.Release|Any CPU.Build.0 = Release|Any CPU
		{7D1B2050-F631-46F1-BBB1-8E22A1E876E5}.Debug|Any CPU.ActiveCfg = Debug|Any CPU
		{7D1B2050-F631-46F1-BBB1-8E22A1E876E5}.Debug|Any CPU.Build.0 = Debug|Any CPU
		{7D1B2050-F631-46F1-BBB1-8E22A1E876E5}.Release|Any CPU.ActiveCfg = Release|Any CPU
		{7D1B2050-F631-46F1-BBB1-8E22A1E876E5}.Release|Any CPU.Build.0 = Release|Any CPU
		{B4870F36-FE9D-44CF-8672-6EFEF8B73D19}.Debug|Any CPU.ActiveCfg = Debug|Any CPU
		{B4870F36-FE9D-44CF-8672-6EFEF8B73D19}.Debug|Any CPU.Build.0 = Debug|Any CPU
		{B4870F36-FE9D-44CF-8672-6EFEF8B73D19}.Release|Any CPU.ActiveCfg = Release|Any CPU
		{B4870F36-FE9D-44CF-8672-6EFEF8B73D19}.Release|Any CPU.Build.0 = Release|Any CPU
		{787D4688-3441-4A58-AA6A-E9B8AEB64A36}.Debug|Any CPU.ActiveCfg = Debug|Any CPU
		{787D4688-3441-4A58-AA6A-E9B8AEB64A36}.Debug|Any CPU.Build.0 = Debug|Any CPU
		{787D4688-3441-4A58-AA6A-E9B8AEB64A36}.Release|Any CPU.ActiveCfg = Release|Any CPU
		{787D4688-3441-4A58-AA6A-E9B8AEB64A36}.Release|Any CPU.Build.0 = Release|Any CPU
		{86D22A5D-1EC9-4AC2-A87B-B9F81E789610}.Debug|Any CPU.ActiveCfg = Debug|Any CPU
		{86D22A5D-1EC9-4AC2-A87B-B9F81E789610}.Debug|Any CPU.Build.0 = Debug|Any CPU
		{86D22A5D-1EC9-4AC2-A87B-B9F81E789610}.Release|Any CPU.ActiveCfg = Release|Any CPU
		{86D22A5D-1EC9-4AC2-A87B-B9F81E789610}.Release|Any CPU.Build.0 = Release|Any CPU
		{F459B285-6B48-4B47-9C1A-1378EE7143BD}.Debug|Any CPU.ActiveCfg = Debug|Any CPU
		{F459B285-6B48-4B47-9C1A-1378EE7143BD}.Debug|Any CPU.Build.0 = Debug|Any CPU
		{F459B285-6B48-4B47-9C1A-1378EE7143BD}.Release|Any CPU.ActiveCfg = Release|Any CPU
		{F459B285-6B48-4B47-9C1A-1378EE7143BD}.Release|Any CPU.Build.0 = Release|Any CPU
		{0D52C4F5-CCD9-4B8B-A428-EAF7BA601AE2}.Debug|Any CPU.ActiveCfg = Debug|Any CPU
		{0D52C4F5-CCD9-4B8B-A428-EAF7BA601AE2}.Debug|Any CPU.Build.0 = Debug|Any CPU
		{0D52C4F5-CCD9-4B8B-A428-EAF7BA601AE2}.Release|Any CPU.ActiveCfg = Release|Any CPU
		{0D52C4F5-CCD9-4B8B-A428-EAF7BA601AE2}.Release|Any CPU.Build.0 = Release|Any CPU
		{84586343-C10F-4FD6-950C-12680A581292}.Debug|Any CPU.ActiveCfg = Debug|Any CPU
		{84586343-C10F-4FD6-950C-12680A581292}.Debug|Any CPU.Build.0 = Debug|Any CPU
		{84586343-C10F-4FD6-950C-12680A581292}.Release|Any CPU.ActiveCfg = Release|Any CPU
		{84586343-C10F-4FD6-950C-12680A581292}.Release|Any CPU.Build.0 = Release|Any CPU
		{DFDF8F07-164A-4297-8E98-9220BA39617D}.Debug|Any CPU.ActiveCfg = Debug|Any CPU
		{DFDF8F07-164A-4297-8E98-9220BA39617D}.Debug|Any CPU.Build.0 = Debug|Any CPU
		{DFDF8F07-164A-4297-8E98-9220BA39617D}.Release|Any CPU.ActiveCfg = Release|Any CPU
		{DFDF8F07-164A-4297-8E98-9220BA39617D}.Release|Any CPU.Build.0 = Release|Any CPU
		{ACD9483F-25BE-4052-B641-AD3C261294E8}.Debug|Any CPU.ActiveCfg = Debug|Any CPU
		{ACD9483F-25BE-4052-B641-AD3C261294E8}.Debug|Any CPU.Build.0 = Debug|Any CPU
		{ACD9483F-25BE-4052-B641-AD3C261294E8}.Release|Any CPU.ActiveCfg = Release|Any CPU
		{ACD9483F-25BE-4052-B641-AD3C261294E8}.Release|Any CPU.Build.0 = Release|Any CPU
		{1588D6ED-6B4E-4FD5-8F90-F5AB2DEB7368}.Debug|Any CPU.ActiveCfg = Debug|Any CPU
		{1588D6ED-6B4E-4FD5-8F90-F5AB2DEB7368}.Debug|Any CPU.Build.0 = Debug|Any CPU
		{1588D6ED-6B4E-4FD5-8F90-F5AB2DEB7368}.Release|Any CPU.ActiveCfg = Release|Any CPU
		{1588D6ED-6B4E-4FD5-8F90-F5AB2DEB7368}.Release|Any CPU.Build.0 = Release|Any CPU
		{AD413AA9-C921-4A1E-BE9F-AF2A5B4EFD3F}.Debug|Any CPU.ActiveCfg = Debug|Any CPU
		{AD413AA9-C921-4A1E-BE9F-AF2A5B4EFD3F}.Debug|Any CPU.Build.0 = Debug|Any CPU
		{AD413AA9-C921-4A1E-BE9F-AF2A5B4EFD3F}.Release|Any CPU.ActiveCfg = Release|Any CPU
		{AD413AA9-C921-4A1E-BE9F-AF2A5B4EFD3F}.Release|Any CPU.Build.0 = Release|Any CPU
		{45F1730B-C52F-493E-A684-7EDCA6E140BA}.Debug|Any CPU.ActiveCfg = Debug|Any CPU
		{45F1730B-C52F-493E-A684-7EDCA6E140BA}.Debug|Any CPU.Build.0 = Debug|Any CPU
		{45F1730B-C52F-493E-A684-7EDCA6E140BA}.Release|Any CPU.ActiveCfg = Release|Any CPU
		{45F1730B-C52F-493E-A684-7EDCA6E140BA}.Release|Any CPU.Build.0 = Release|Any CPU
		{7A70AAB2-775F-4EA7-9701-1E700EB9A304}.Debug|Any CPU.ActiveCfg = Debug|Any CPU
		{7A70AAB2-775F-4EA7-9701-1E700EB9A304}.Debug|Any CPU.Build.0 = Debug|Any CPU
		{7A70AAB2-775F-4EA7-9701-1E700EB9A304}.Release|Any CPU.ActiveCfg = Release|Any CPU
		{7A70AAB2-775F-4EA7-9701-1E700EB9A304}.Release|Any CPU.Build.0 = Release|Any CPU
		{1130D5B5-5FBB-4ADC-AE69-371679E8C1FF}.Debug|Any CPU.ActiveCfg = Debug|Any CPU
		{1130D5B5-5FBB-4ADC-AE69-371679E8C1FF}.Debug|Any CPU.Build.0 = Debug|Any CPU
		{1130D5B5-5FBB-4ADC-AE69-371679E8C1FF}.Release|Any CPU.ActiveCfg = Release|Any CPU
		{1130D5B5-5FBB-4ADC-AE69-371679E8C1FF}.Release|Any CPU.Build.0 = Release|Any CPU
		{CCFFA674-6FFA-49F6-80A5-0CB1351C7493}.Debug|Any CPU.ActiveCfg = Debug|Any CPU
		{CCFFA674-6FFA-49F6-80A5-0CB1351C7493}.Debug|Any CPU.Build.0 = Debug|Any CPU
		{CCFFA674-6FFA-49F6-80A5-0CB1351C7493}.Release|Any CPU.ActiveCfg = Release|Any CPU
		{CCFFA674-6FFA-49F6-80A5-0CB1351C7493}.Release|Any CPU.Build.0 = Release|Any CPU
	EndGlobalSection
	GlobalSection(SolutionProperties) = preSolution
		HideSolutionNode = FALSE
	EndGlobalSection
	GlobalSection(NestedProjects) = preSolution
		{82CF8E9A-64A8-42E7-A9E3-F5A8E862BEC2} = {30FE86EE-66A0-4DC7-9E89-335B144780B2}
		{9D798399-93C1-40AC-B7D8-C32A464E0422} = {30FE86EE-66A0-4DC7-9E89-335B144780B2}
		{B24EBEE1-7F00-4145-ABDA-D94B36C204DC} = {30FE86EE-66A0-4DC7-9E89-335B144780B2}
		{AF111C46-57BB-4091-B105-AB2E32EEC83C} = {1B63BA60-BA1A-4853-97C1-151FDE8DBD89}
		{C9B68494-E088-42A6-A590-3826268DAB77} = {1B63BA60-BA1A-4853-97C1-151FDE8DBD89}
		{C1DADDCB-A693-4E99-91F8-4A657E32185F} = {1B63BA60-BA1A-4853-97C1-151FDE8DBD89}
		{DE7E2F40-5D74-457B-8BA0-AE59D0D910DF} = {90E726D3-B903-4305-91D8-DDE74AF374DB}
		{CB888212-F279-43A4-9F58-1C75B9BB2243} = {90E726D3-B903-4305-91D8-DDE74AF374DB}
		{6EA5D455-FF0E-4016-9A46-FBE5D0C9329A} = {90E726D3-B903-4305-91D8-DDE74AF374DB}
		{E528F1A1-0B4C-4FC2-A767-2960CC73A583} = {5206488F-37A6-4152-BA2D-1B081B68C3A6}
		{C5890D23-F861-4FFE-AFB0-2154ACEF1CAA} = {5206488F-37A6-4152-BA2D-1B081B68C3A6}
		{19F21955-E36E-4357-A383-A0910E1FDF4D} = {5206488F-37A6-4152-BA2D-1B081B68C3A6}
		{25FB11F3-A4EB-492C-A6FB-4944B821F403} = {C69B736A-A4C9-4B88-AB02-AF593A0D5085}
		{61A9B4B5-96D3-4340-9F39-BBEA90EF02E2} = {C69B736A-A4C9-4B88-AB02-AF593A0D5085}
		{07243963-89F5-4F4E-AD1D-5002A3F9D50D} = {C69B736A-A4C9-4B88-AB02-AF593A0D5085}
		{38DA5BFA-D250-4E9D-BFE1-B5E23808F903} = {022620DB-76FD-4D7C-87E9-8625D9391DD1}
		{6BDA2C1C-F266-4821-A505-98AA6C575FFB} = {022620DB-76FD-4D7C-87E9-8625D9391DD1}
		{E19898D1-E232-4D8C-9121-D8DC84BB1DBC} = {022620DB-76FD-4D7C-87E9-8625D9391DD1}
		{7D1B2050-F631-46F1-BBB1-8E22A1E876E5} = {A595C9A9-B400-46ED-BC1C-52933C143F39}
		{B4870F36-FE9D-44CF-8672-6EFEF8B73D19} = {A595C9A9-B400-46ED-BC1C-52933C143F39}
		{787D4688-3441-4A58-AA6A-E9B8AEB64A36} = {A595C9A9-B400-46ED-BC1C-52933C143F39}
		{86D22A5D-1EC9-4AC2-A87B-B9F81E789610} = {C3EBBEDE-475A-499E-96DA-A0D4EFC1DD57}
		{F459B285-6B48-4B47-9C1A-1378EE7143BD} = {C3EBBEDE-475A-499E-96DA-A0D4EFC1DD57}
		{0D52C4F5-CCD9-4B8B-A428-EAF7BA601AE2} = {C3EBBEDE-475A-499E-96DA-A0D4EFC1DD57}
		{84586343-C10F-4FD6-950C-12680A581292} = {EACFEF5D-3FBD-448D-A36C-1F9E9D199AE1}
		{DFDF8F07-164A-4297-8E98-9220BA39617D} = {EACFEF5D-3FBD-448D-A36C-1F9E9D199AE1}
		{ACD9483F-25BE-4052-B641-AD3C261294E8} = {EACFEF5D-3FBD-448D-A36C-1F9E9D199AE1}
		{1588D6ED-6B4E-4FD5-8F90-F5AB2DEB7368} = {0E5DB62D-D839-476B-8658-68C1ED65A21B}
		{AD413AA9-C921-4A1E-BE9F-AF2A5B4EFD3F} = {0E5DB62D-D839-476B-8658-68C1ED65A21B}
		{45F1730B-C52F-493E-A684-7EDCA6E140BA} = {0E5DB62D-D839-476B-8658-68C1ED65A21B}
		{7A70AAB2-775F-4EA7-9701-1E700EB9A304} = {D7D36A4F-C2E1-48D3-BE5C-1552A17B58F9}
		{1130D5B5-5FBB-4ADC-AE69-371679E8C1FF} = {D7D36A4F-C2E1-48D3-BE5C-1552A17B58F9}
		{CCFFA674-6FFA-49F6-80A5-0CB1351C7493} = {D7D36A4F-C2E1-48D3-BE5C-1552A17B58F9}
	EndGlobalSection
	GlobalSection(ExtensibilityGlobals) = postSolution
		SolutionGuid = {8F13C8AD-6CF6-4009-BAC6-55141A1FF64F}
	EndGlobalSection
EndGlobal
